// !$*UTF8*$!
{
	archiveVersion = 1;
	classes = {
	};
	objectVersion = 46;
	objects = {

/* Begin PBXBuildFile section */
		4AE5CA6B1BE3AE5F00F6331D /* main.m in Sources */ = {isa = PBXBuildFile; fileRef = 4AE5CA6A1BE3AE5F00F6331D /* main.m */; };
		4AE5CA6E1BE3AE5F00F6331D /* AppDelegate.m in Sources */ = {isa = PBXBuildFile; fileRef = 4AE5CA6D1BE3AE5F00F6331D /* AppDelegate.m */; };
		4AE5CA711BE3AE5F00F6331D /* ViewController.m in Sources */ = {isa = PBXBuildFile; fileRef = 4AE5CA701BE3AE5F00F6331D /* ViewController.m */; };
		4AE5CA741BE3AE5F00F6331D /* Main.storyboard in Resources */ = {isa = PBXBuildFile; fileRef = 4AE5CA721BE3AE5F00F6331D /* Main.storyboard */; };
		4AE5CA761BE3AE5F00F6331D /* Assets.xcassets in Resources */ = {isa = PBXBuildFile; fileRef = 4AE5CA751BE3AE5F00F6331D /* Assets.xcassets */; };
		4AE5CA791BE3AE5F00F6331D /* LaunchScreen.storyboard in Resources */ = {isa = PBXBuildFile; fileRef = 4AE5CA771BE3AE5F00F6331D /* LaunchScreen.storyboard */; };
/* End PBXBuildFile section */

/* Begin PBXFileReference section */
		4AE5CA661BE3AE5F00F6331D /* iMusic.app */ = {isa = PBXFileReference; explicitFileType = wrapper.application; includeInIndex = 0; path = iMusic.app; sourceTree = BUILT_PRODUCTS_DIR; };
		4AE5CA6A1BE3AE5F00F6331D /* main.m */ = {isa = PBXFileReference; lastKnownFileType = sourcecode.c.objc; path = main.m; sourceTree = "<group>"; };
		4AE5CA6C1BE3AE5F00F6331D /* AppDelegate.h */ = {isa = PBXFileReference; lastKnownFileType = sourcecode.c.h; path = AppDelegate.h; sourceTree = "<group>"; };
		4AE5CA6D1BE3AE5F00F6331D /* AppDelegate.m */ = {isa = PBXFileReference; lastKnownFileType = sourcecode.c.objc; path = AppDelegate.m; sourceTree = "<group>"; };
		4AE5CA6F1BE3AE5F00F6331D /* ViewController.h */ = {isa = PBXFileReference; lastKnownFileType = sourcecode.c.h; path = ViewController.h; sourceTree = "<group>"; };
		4AE5CA701BE3AE5F00F6331D /* ViewController.m */ = {isa = PBXFileReference; lastKnownFileType = sourcecode.c.objc; path = ViewController.m; sourceTree = "<group>"; };
		4AE5CA731BE3AE5F00F6331D /* Base */ = {isa = PBXFileReference; lastKnownFileType = file.storyboard; name = Base; path = Base.lproj/Main.storyboard; sourceTree = "<group>"; };
		4AE5CA751BE3AE5F00F6331D /* Assets.xcassets */ = {isa = PBXFileReference; lastKnownFileType = folder.assetcatalog; path = Assets.xcassets; sourceTree = "<group>"; };
		4AE5CA781BE3AE5F00F6331D /* Base */ = {isa = PBXFileReference; lastKnownFileType = file.storyboard; name = Base; path = Base.lproj/LaunchScreen.storyboard; sourceTree = "<group>"; };
		4AE5CA7A1BE3AE5F00F6331D /* Info.plist */ = {isa = PBXFileReference; lastKnownFileType = text.plist.xml; path = Info.plist; sourceTree = "<group>"; };
/* End PBXFileReference section */

/* Begin PBXFrameworksBuildPhase section */
		4AE5CA631BE3AE5F00F6331D /* Frameworks */ = {
			isa = PBXFrameworksBuildPhase;
			buildActionMask = 2147483647;
			files = (
			);
			runOnlyForDeploymentPostprocessing = 0;
		};
/* End PBXFrameworksBuildPhase section */

/* Begin PBXGroup section */
		4AE5CA5D1BE3AE5F00F6331D = {
			isa = PBXGroup;
			children = (
				4AE5CA681BE3AE5F00F6331D /* iMusic */,
				4AE5CA671BE3AE5F00F6331D /* Products */,
			);
			sourceTree = "<group>";
		};
		4AE5CA671BE3AE5F00F6331D /* Products */ = {
			isa = PBXGroup;
			children = (
				4AE5CA661BE3AE5F00F6331D /* iMusic.app */,
			);
			name = Products;
			sourceTree = "<group>";
		};
		4AE5CA681BE3AE5F00F6331D /* iMusic */ = {
			isa = PBXGroup;
			children = (
				4AE5CA6C1BE3AE5F00F6331D /* AppDelegate.h */,
				4AE5CA6D1BE3AE5F00F6331D /* AppDelegate.m */,
				4AE5CA6F1BE3AE5F00F6331D /* ViewController.h */,
				4AE5CA701BE3AE5F00F6331D /* ViewController.m */,
				4AE5CA721BE3AE5F00F6331D /* Main.storyboard */,
				4AE5CA751BE3AE5F00F6331D /* Assets.xcassets */,
				4AE5CA771BE3AE5F00F6331D /* LaunchScreen.storyboard */,
				4AE5CA7A1BE3AE5F00F6331D /* Info.plist */,
				4AE5CA691BE3AE5F00F6331D /* Supporting Files */,
			);
			path = iMusic;
			sourceTree = "<group>";
		};
		4AE5CA691BE3AE5F00F6331D /* Supporting Files */ = {
			isa = PBXGroup;
			children = (
				4AE5CA6A1BE3AE5F00F6331D /* main.m */,
			);
			name = "Supporting Files";
			sourceTree = "<group>";
		};
/* End PBXGroup section */

/* Begin PBXNativeTarget section */
		4AE5CA651BE3AE5F00F6331D /* iMusic */ = {
			isa = PBXNativeTarget;
			buildConfigurationList = 4AE5CA7D1BE3AE5F00F6331D /* Build configuration list for PBXNativeTarget "iMusic" */;
			buildPhases = (
				4AE5CA621BE3AE5F00F6331D /* Sources */,
				4AE5CA631BE3AE5F00F6331D /* Frameworks */,
				4AE5CA641BE3AE5F00F6331D /* Resources */,
			);
			buildRules = (
			);
			dependencies = (
			);
			name = iMusic;
			productName = iMusic;
			productReference = 4AE5CA661BE3AE5F00F6331D /* iMusic.app */;
			productType = "com.apple.product-type.application";
		};
/* End PBXNativeTarget section */

/* Begin PBXProject section */
		4AE5CA5E1BE3AE5F00F6331D /* Project object */ = {
			isa = PBXProject;
			attributes = {
				LastUpgradeCheck = 0710;
				ORGANIZATIONNAME = "杨晓晨";
				TargetAttributes = {
					4AE5CA651BE3AE5F00F6331D = {
						CreatedOnToolsVersion = 7.1;
						DevelopmentTeam = 898WYQ9K4N;
					};
				};
			};
			buildConfigurationList = 4AE5CA611BE3AE5F00F6331D /* Build configuration list for PBXProject "iMusic" */;
			compatibilityVersion = "Xcode 3.2";
			developmentRegion = English;
			hasScannedForEncodings = 0;
			knownRegions = (
				en,
				Base,
			);
			mainGroup = 4AE5CA5D1BE3AE5F00F6331D;
			productRefGroup = 4AE5CA671BE3AE5F00F6331D /* Products */;
			projectDirPath = "";
			projectRoot = "";
			targets = (
				4AE5CA651BE3AE5F00F6331D /* iMusic */,
			);
		};
/* End PBXProject section */

/* Begin PBXResourcesBuildPhase section */
		4AE5CA641BE3AE5F00F6331D /* Resources */ = {
			isa = PBXResourcesBuildPhase;
			buildActionMask = 2147483647;
			files = (
				4AE5CA791BE3AE5F00F6331D /* LaunchScreen.storyboard in Resources */,
				4AE5CA761BE3AE5F00F6331D /* Assets.xcassets in Resources */,
				4AE5CA741BE3AE5F00F6331D /* Main.storyboard in Resources */,
			);
			runOnlyForDeploymentPostprocessing = 0;
		};
/* End PBXResourcesBuildPhase section */

/* Begin PBXSourcesBuildPhase section */
		4AE5CA621BE3AE5F00F6331D /* Sources */ = {
			isa = PBXSourcesBuildPhase;
			buildActionMask = 2147483647;
			files = (
				4AE5CA711BE3AE5F00F6331D /* ViewController.m in Sources */,
				4AE5CA6E1BE3AE5F00F6331D /* AppDelegate.m in Sources */,
				4AE5CA6B1BE3AE5F00F6331D /* main.m in Sources */,
			);
			runOnlyForDeploymentPostprocessing = 0;
		};
/* End PBXSourcesBuildPhase section */

/* Begin PBXVariantGroup section */
		4AE5CA721BE3AE5F00F6331D /* Main.storyboard */ = {
			isa = PBXVariantGroup;
			children = (
				4AE5CA731BE3AE5F00F6331D /* Base */,
			);
			name = Main.storyboard;
			sourceTree = "<group>";
		};
		4AE5CA771BE3AE5F00F6331D /* LaunchScreen.storyboard */ = {
			isa = PBXVariantGroup;
			children = (
				4AE5CA781BE3AE5F00F6331D /* Base */,
			);
			name = LaunchScreen.storyboard;
			sourceTree = "<group>";
		};
/* End PBXVariantGroup section */

/* Begin XCBuildConfiguration section */
		4AE5CA7B1BE3AE5F00F6331D /* Debug */ = {
			isa = XCBuildConfiguration;
			buildSettings = {
				ALWAYS_SEARCH_USER_PATHS = NO;
				CLANG_CXX_LANGUAGE_STANDARD = "gnu++0x";
				CLANG_CXX_LIBRARY = "libc++";
				CLANG_ENABLE_MODULES = YES;
				CLANG_ENABLE_OBJC_ARC = YES;
				CLANG_WARN_BOOL_CONVERSION = YES;
				CLANG_WARN_CONSTANT_CONVERSION = YES;
				CLANG_WARN_DIRECT_OBJC_ISA_USAGE = YES_ERROR;
				CLANG_WARN_EMPTY_BODY = YES;
				CLANG_WARN_ENUM_CONVERSION = YES;
				CLANG_WARN_INT_CONVERSION = YES;
				CLANG_WARN_OBJC_ROOT_CLASS = YES_ERROR;
				CLANG_WARN_UNREACHABLE_CODE = YES;
				CLANG_WARN__DUPLICATE_METHOD_MATCH = YES;
				"CODE_SIGN_IDENTITY[sdk=iphoneos*]" = "iPhone Developer";
				COPY_PHASE_STRIP = NO;
				DEBUG_INFORMATION_FORMAT = dwarf;
				ENABLE_STRICT_OBJC_MSGSEND = YES;
				ENABLE_TESTABILITY = YES;
				GCC_C_LANGUAGE_STANDARD = gnu99;
				GCC_DYNAMIC_NO_PIC = NO;
				GCC_NO_COMMON_BLOCKS = YES;
				GCC_OPTIMIZATION_LEVEL = 0;
				GCC_PREPROCESSOR_DEFINITIONS = (
					"DEBUG=1",
					"$(inherited)",
				);
				GCC_WARN_64_TO_32_BIT_CONVERSION = YES;
				GCC_WARN_ABOUT_RETURN_TYPE = YES_ERROR;
				GCC_WARN_UNDECLARED_SELECTOR = YES;
				GCC_WARN_UNINITIALIZED_AUTOS = YES_AGGRESSIVE;
				GCC_WARN_UNUSED_FUNCTION = YES;
				GCC_WARN_UNUSED_VARIABLE = YES;
				IPHONEOS_DEPLOYMENT_TARGET = 9.1;
				MTL_ENABLE_DEBUG_INFO = YES;
				ONLY_ACTIVE_ARCH = YES;
				SDKROOT = iphoneos;
			};
			name = Debug;
		};
		4AE5CA7C1BE3AE5F00F6331D /* Release */ = {
			isa = XCBuildConfiguration;
			buildSettings = {
				ALWAYS_SEARCH_USER_PATHS = NO;
				CLANG_CXX_LANGUAGE_STANDARD = "gnu++0x";
				CLANG_CXX_LIBRARY = "libc++";
				CLANG_ENABLE_MODULES = YES;
				CLANG_ENABLE_OBJC_ARC = YES;
				CLANG_WARN_BOOL_CONVERSION = YES;
				CLANG_WARN_CONSTANT_CONVERSION = YES;
				CLANG_WARN_DIRECT_OBJC_ISA_USAGE = YES_ERROR;
				CLANG_WARN_EMPTY_BODY = YES;
				CLANG_WARN_ENUM_CONVERSION = YES;
				CLANG_WARN_INT_CONVERSION = YES;
				CLANG_WARN_OBJC_ROOT_CLASS = YES_ERROR;
				CLANG_WARN_UNREACHABLE_CODE = YES;
				CLANG_WARN__DUPLICATE_METHOD_MATCH = YES;
				"CODE_SIGN_IDENTITY[sdk=iphoneos*]" = "iPhone Developer";
				COPY_PHASE_STRIP = NO;
				DEBUG_INFORMATION_FORMAT = "dwarf-with-dsym";
				ENABLE_NS_ASSERTIONS = NO;
				ENABLE_STRICT_OBJC_MSGSEND = YES;
				GCC_C_LANGUAGE_STANDARD = gnu99;
				GCC_NO_COMMON_BLOCKS = YES;
				GCC_WARN_64_TO_32_BIT_CONVERSION = YES;
				GCC_WARN_ABOUT_RETURN_TYPE = YES_ERROR;
				GCC_WARN_UNDECLARED_SELECTOR = YES;
				GCC_WARN_UNINITIALIZED_AUTOS = YES_AGGRESSIVE;
				GCC_WARN_UNUSED_FUNCTION = YES;
				GCC_WARN_UNUSED_VARIABLE = YES;
				IPHONEOS_DEPLOYMENT_TARGET = 9.1;
				MTL_ENABLE_DEBUG_INFO = NO;
				SDKROOT = iphoneos;
				VALIDATE_PRODUCT = YES;
			};
			name = Release;
		};
		4AE5CA7E1BE3AE5F00F6331D /* Debug */ = {
			isa = XCBuildConfiguration;
			buildSettings = {
				ASSETCATALOG_COMPILER_APPICON_NAME = AppIcon;
				INFOPLIST_FILE = iMusic/Info.plist;
				LD_RUNPATH_SEARCH_PATHS = "$(inherited) @executable_path/Frameworks";
				PRODUCT_BUNDLE_IDENTIFIER = cn.yangxiaochen.iMusic;
				PRODUCT_NAME = "$(TARGET_NAME)";
			};
			name = Debug;
		};
		4AE5CA7F1BE3AE5F00F6331D /* Release */ = {
			isa = XCBuildConfiguration;
			buildSettings = {
				ASSETCATALOG_COMPILER_APPICON_NAME = AppIcon;
				INFOPLIST_FILE = iMusic/Info.plist;
				LD_RUNPATH_SEARCH_PATHS = "$(inherited) @executable_path/Frameworks";
				PRODUCT_BUNDLE_IDENTIFIER = cn.yangxiaochen.iMusic;
				PRODUCT_NAME = "$(TARGET_NAME)";
			};
			name = Release;
		};
/* End XCBuildConfiguration section */

/* Begin XCConfigurationList section */
		4AE5CA611BE3AE5F00F6331D /* Build configuration list for PBXProject "iMusic" */ = {
			isa = XCConfigurationList;
			buildConfigurations = (
				4AE5CA7B1BE3AE5F00F6331D /* Debug */,
				4AE5CA7C1BE3AE5F00F6331D /* Release */,
			);
			defaultConfigurationIsVisible = 0;
			defaultConfigurationName = Release;
		};
		4AE5CA7D1BE3AE5F00F6331D /* Build configuration list for PBXNativeTarget "iMusic" */ = {
			isa = XCConfigurationList;
			buildConfigurations = (
				4AE5CA7E1BE3AE5F00F6331D /* Debug */,
				4AE5CA7F1BE3AE5F00F6331D /* Release */,
			);
			defaultConfigurationIsVisible = 0;
		};
/* End XCConfigurationList section */
	};
	rootObject = 4AE5CA5E1BE3AE5F00F6331D /* Project object */;
}
